
Microsoft Visual Studio Solution File, Format Version 12.00
# Visual Studio Version 17
VisualStudioVersion = 17.3.32811.315
MinimumVisualStudioVersion = 10.0.40219.1
Project("{FAE04EC0-301F-11D3-BF4B-00C04F79EFBC}") = "Lista6PR2", "Lista6PR2\Lista6PR2.csproj", "{B06501E9-AB02-45C6-A81B-95ACB6087CD8}"
EndProject
Global
	GlobalSection(SolutionConfigurationPlatforms) = preSolution
		Debug|Any CPU = Debug|Any CPU
		Release|Any CPU = Release|Any CPU
	EndGlobalSection
	GlobalSection(ProjectConfigurationPlatforms) = postSolution
		{B06501E9-AB02-45C6-A81B-95ACB6087CD8}.Debug|Any CPU.ActiveCfg = Debug|Any CPU
		{B06501E9-AB02-45C6-A81B-95ACB6087CD8}.Debug|Any CPU.Build.0 = Debug|Any CPU
		{B06501E9-AB02-45C6-A81B-95ACB6087CD8}.Release|Any CPU.ActiveCfg = Release|Any CPU
		{B06501E9-AB02-45C6-A81B-95ACB6087CD8}.Release|Any CPU.Build.0 = Release|Any CPU
	EndGlobalSection
	GlobalSection(SolutionProperties) = preSolution
		HideSolutionNode = FALSE
	EndGlobalSection
	GlobalSection(ExtensibilityGlobals) = postSolution
		SolutionGuid = {CDBD499F-1215-4C81-ABAE-9A0E218221AF}
	EndGlobalSection
EndGlobal
